
Microsoft Visual Studio Solution File, Format Version 12.00
Project("{2150E333-8FDC-42A3-9474-1A3956D46DE8}") = "Tests", "Tests", "{E94B9BC6-2E64-4808-A710-BD8E3975D11D}"
EndProject
Project("{FAE04EC0-301F-11D3-BF4B-00C04F79EFBC}") = "WarmCorners.Service", "src\WarmCorners.Service\WarmCorners.Service.csproj", "{536999FA-2A41-4C43-8B0D-01DC75B053A3}"
EndProject
Project("{FAE04EC0-301F-11D3-BF4B-00C04F79EFBC}") = "WarmCorners.Service.Tests.Unit", "tests\WarmCorners.Service.Tests.Unit\WarmCorners.Service.Tests.Unit.csproj", "{8F47EFDA-550B-4573-9C4E-436DDBFDBA93}"
EndProject
Project("{FAE04EC0-301F-11D3-BF4B-00C04F79EFBC}") = "WarmCorners.Service.Tests.Integration", "tests\WarmCorners.Service.Tests.Integration\WarmCorners.Service.Tests.Integration.csproj", "{C68EC116-249A-45E0-B06B-B9AFDCF2EB2D}"
EndProject
Project("{FAE04EC0-301F-11D3-BF4B-00C04F79EFBC}") = "WarmCorners.Application", "src\WarmCorners.Application\WarmCorners.Application.csproj", "{82701E2B-787A-4F7F-83C1-D73C565C38A0}"
EndProject
Project("{FAE04EC0-301F-11D3-BF4B-00C04F79EFBC}") = "WarmCorners.Domain", "src\WarmCorners.Domain\WarmCorners.Domain.csproj", "{20630C89-4C46-4471-911D-D62CE79EF4B3}"
EndProject
Project("{FAE04EC0-301F-11D3-BF4B-00C04F79EFBC}") = "WarmCorners.Application.Tests.Unit", "tests\WarmCorners.Application.Tests.Unit\WarmCorners.Application.Tests.Unit.csproj", "{BC20F881-9091-4AD5-A5A0-D839C8C113A5}"
EndProject
Project("{FAE04EC0-301F-11D3-BF4B-00C04F79EFBC}") = "WarmCorners.Domain.Tests.Unit", "tests\WarmCorners.Domain.Tests.Unit\WarmCorners.Domain.Tests.Unit.csproj", "{E2D1CC3F-59CE-4D50-8FBD-BAAE665DF0CC}"
EndProject
Project("{FAE04EC0-301F-11D3-BF4B-00C04F79EFBC}") = "WarmCorners.Infrastructure", "src\WarmCorners.Infrastructure\WarmCorners.Infrastructure.csproj", "{EF79B86A-28E4-4D5B-9700-1155B2F53D5A}"
EndProject
Project("{FAE04EC0-301F-11D3-BF4B-00C04F79EFBC}") = "WarmCorners.Infrastructure.Tests.Unit", "tests\WarmCorners.Infrastructure.Tests.Unit\WarmCorners.Infrastructure.Tests.Unit.csproj", "{0CAD94F9-0171-4775-BE7F-47DC028A39A4}"
EndProject
Global
	GlobalSection(SolutionConfigurationPlatforms) = preSolution
		Debug|Any CPU = Debug|Any CPU
		Release|Any CPU = Release|Any CPU
	EndGlobalSection
	GlobalSection(ProjectConfigurationPlatforms) = postSolution
		{536999FA-2A41-4C43-8B0D-01DC75B053A3}.Debug|Any CPU.ActiveCfg = Debug|Any CPU
		{536999FA-2A41-4C43-8B0D-01DC75B053A3}.Debug|Any CPU.Build.0 = Debug|Any CPU
		{536999FA-2A41-4C43-8B0D-01DC75B053A3}.Release|Any CPU.ActiveCfg = Release|Any CPU
		{536999FA-2A41-4C43-8B0D-01DC75B053A3}.Release|Any CPU.Build.0 = Release|Any CPU
		{8F47EFDA-550B-4573-9C4E-436DDBFDBA93}.Debug|Any CPU.ActiveCfg = Debug|Any CPU
		{8F47EFDA-550B-4573-9C4E-436DDBFDBA93}.Debug|Any CPU.Build.0 = Debug|Any CPU
		{8F47EFDA-550B-4573-9C4E-436DDBFDBA93}.Release|Any CPU.ActiveCfg = Release|Any CPU
		{8F47EFDA-550B-4573-9C4E-436DDBFDBA93}.Release|Any CPU.Build.0 = Release|Any CPU
		{C68EC116-249A-45E0-B06B-B9AFDCF2EB2D}.Debug|Any CPU.ActiveCfg = Debug|Any CPU
		{C68EC116-249A-45E0-B06B-B9AFDCF2EB2D}.Debug|Any CPU.Build.0 = Debug|Any CPU
		{C68EC116-249A-45E0-B06B-B9AFDCF2EB2D}.Release|Any CPU.ActiveCfg = Release|Any CPU
		{C68EC116-249A-45E0-B06B-B9AFDCF2EB2D}.Release|Any CPU.Build.0 = Release|Any CPU
		{82701E2B-787A-4F7F-83C1-D73C565C38A0}.Debug|Any CPU.ActiveCfg = Debug|Any CPU
		{82701E2B-787A-4F7F-83C1-D73C565C38A0}.Debug|Any CPU.Build.0 = Debug|Any CPU
		{82701E2B-787A-4F7F-83C1-D73C565C38A0}.Release|Any CPU.ActiveCfg = Release|Any CPU
		{82701E2B-787A-4F7F-83C1-D73C565C38A0}.Release|Any CPU.Build.0 = Release|Any CPU
		{20630C89-4C46-4471-911D-D62CE79EF4B3}.Debug|Any CPU.ActiveCfg = Debug|Any CPU
		{20630C89-4C46-4471-911D-D62CE79EF4B3}.Debug|Any CPU.Build.0 = Debug|Any CPU
		{20630C89-4C46-4471-911D-D62CE79EF4B3}.Release|Any CPU.ActiveCfg = Release|Any CPU
		{20630C89-4C46-4471-911D-D62CE79EF4B3}.Release|Any CPU.Build.0 = Release|Any CPU
		{BC20F881-9091-4AD5-A5A0-D839C8C113A5}.Debug|Any CPU.ActiveCfg = Debug|Any CPU
		{BC20F881-9091-4AD5-A5A0-D839C8C113A5}.Debug|Any CPU.Build.0 = Debug|Any CPU
		{BC20F881-9091-4AD5-A5A0-D839C8C113A5}.Release|Any CPU.ActiveCfg = Release|Any CPU
		{BC20F881-9091-4AD5-A5A0-D839C8C113A5}.Release|Any CPU.Build.0 = Release|Any CPU
		{E2D1CC3F-59CE-4D50-8FBD-BAAE665DF0CC}.Debug|Any CPU.ActiveCfg = Debug|Any CPU
		{E2D1CC3F-59CE-4D50-8FBD-BAAE665DF0CC}.Debug|Any CPU.Build.0 = Debug|Any CPU
		{E2D1CC3F-59CE-4D50-8FBD-BAAE665DF0CC}.Release|Any CPU.ActiveCfg = Release|Any CPU
		{E2D1CC3F-59CE-4D50-8FBD-BAAE665DF0CC}.Release|Any CPU.Build.0 = Release|Any CPU
		{EF79B86A-28E4-4D5B-9700-1155B2F53D5A}.Debug|Any CPU.ActiveCfg = Debug|Any CPU
		{EF79B86A-28E4-4D5B-9700-1155B2F53D5A}.Debug|Any CPU.Build.0 = Debug|Any CPU
		{EF79B86A-28E4-4D5B-9700-1155B2F53D5A}.Release|Any CPU.ActiveCfg = Release|Any CPU
		{EF79B86A-28E4-4D5B-9700-1155B2F53D5A}.Release|Any CPU.Build.0 = Release|Any CPU
		{0CAD94F9-0171-4775-BE7F-47DC028A39A4}.Debug|Any CPU.ActiveCfg = Debug|Any CPU
		{0CAD94F9-0171-4775-BE7F-47DC028A39A4}.Debug|Any CPU.Build.0 = Debug|Any CPU
		{0CAD94F9-0171-4775-BE7F-47DC028A39A4}.Release|Any CPU.ActiveCfg = Release|Any CPU
		{0CAD94F9-0171-4775-BE7F-47DC028A39A4}.Release|Any CPU.Build.0 = Release|Any CPU
	EndGlobalSection
	GlobalSection(NestedProjects) = preSolution
		{8F47EFDA-550B-4573-9C4E-436DDBFDBA93} = {E94B9BC6-2E64-4808-A710-BD8E3975D11D}
		{C68EC116-249A-45E0-B06B-B9AFDCF2EB2D} = {E94B9BC6-2E64-4808-A710-BD8E3975D11D}
		{BC20F881-9091-4AD5-A5A0-D839C8C113A5} = {E94B9BC6-2E64-4808-A710-BD8E3975D11D}
		{E2D1CC3F-59CE-4D50-8FBD-BAAE665DF0CC} = {E94B9BC6-2E64-4808-A710-BD8E3975D11D}
		{0CAD94F9-0171-4775-BE7F-47DC028A39A4} = {E94B9BC6-2E64-4808-A710-BD8E3975D11D}
	EndGlobalSection
EndGlobal
